
Microsoft Visual Studio Solution File, Format Version 12.00
# Visual Studio Version 16
VisualStudioVersion = 16.0.35130.168
MinimumVisualStudioVersion = 10.0.40219.1
Project("{FAE04EC0-301F-11D3-BF4B-00C04F79EFBC}") = "BrewBreeze", "BrewBreeze.csproj", "{5E317490-8E52-4F14-AD9E-62AB88631117}"
EndProject
Global
	GlobalSection(SolutionConfigurationPlatforms) = preSolution
		Debug|Any CPU = Debug|Any CPU
		Release|Any CPU = Release|Any CPU
	EndGlobalSection
	GlobalSection(ProjectConfigurationPlatforms) = postSolution
		{5E317490-8E52-4F14-AD9E-62AB88631117}.Debug|Any CPU.ActiveCfg = Debug|Any CPU
		{5E317490-8E52-4F14-AD9E-62AB88631117}.Debug|Any CPU.Build.0 = Debug|Any CPU
		{5E317490-8E52-4F14-AD9E-62AB88631117}.Release|Any CPU.ActiveCfg = Release|Any CPU
		{5E317490-8E52-4F14-AD9E-62AB88631117}.Release|Any CPU.Build.0 = Release|Any CPU
	EndGlobalSection
	GlobalSection(SolutionProperties) = preSolution
		HideSolutionNode = FALSE
	EndGlobalSection
	GlobalSection(ExtensibilityGlobals) = postSolution
		SolutionGuid = {9E4C19EA-DF63-4384-AC46-20F93096DE23}
	EndGlobalSection
EndGlobal
